
Microsoft Visual Studio Solution File, Format Version 12.00
# Visual Studio Version 17
VisualStudioVersion = 17.8.34316.72
MinimumVisualStudioVersion = 10.0.40219.1
Project("{FAE04EC0-301F-11D3-BF4B-00C04F79EFBC}") = "RaftTests", "RaftTests\RaftTests.csproj", "{483C77A2-4F01-4506-B2FB-DE9010A78B8E}"
EndProject
Project("{FAE04EC0-301F-11D3-BF4B-00C04F79EFBC}") = "RaftLibrary", "RaftLibrary\RaftLibrary.csproj", "{DFA59946-FE2B-4F89-9E94-631EFA36D788}"
EndProject
Global
	GlobalSection(SolutionConfigurationPlatforms) = preSolution
		Debug|Any CPU = Debug|Any CPU
		Release|Any CPU = Release|Any CPU
	EndGlobalSection
	GlobalSection(ProjectConfigurationPlatforms) = postSolution
		{483C77A2-4F01-4506-B2FB-DE9010A78B8E}.Debug|Any CPU.ActiveCfg = Debug|Any CPU
		{483C77A2-4F01-4506-B2FB-DE9010A78B8E}.Debug|Any CPU.Build.0 = Debug|Any CPU
		{483C77A2-4F01-4506-B2FB-DE9010A78B8E}.Release|Any CPU.ActiveCfg = Release|Any CPU
		{483C77A2-4F01-4506-B2FB-DE9010A78B8E}.Release|Any CPU.Build.0 = Release|Any CPU
		{DFA59946-FE2B-4F89-9E94-631EFA36D788}.Debug|Any CPU.ActiveCfg = Debug|Any CPU
		{DFA59946-FE2B-4F89-9E94-631EFA36D788}.Debug|Any CPU.Build.0 = Debug|Any CPU
		{DFA59946-FE2B-4F89-9E94-631EFA36D788}.Release|Any CPU.ActiveCfg = Release|Any CPU
		{DFA59946-FE2B-4F89-9E94-631EFA36D788}.Release|Any CPU.Build.0 = Release|Any CPU
	EndGlobalSection
	GlobalSection(SolutionProperties) = preSolution
		HideSolutionNode = FALSE
	EndGlobalSection
	GlobalSection(ExtensibilityGlobals) = postSolution
		SolutionGuid = {C8BE202F-13D5-4027-BE6A-BA5B383BD8B5}
	EndGlobalSection
EndGlobal
